
Microsoft Visual Studio Solution File, Format Version 12.00
Project("{FAE04EC0-301F-11D3-BF4B-00C04F79EFBC}") = "SafeSilk.GL", "src\SafeSilk.GL\SafeSilk.GL.csproj", "{C6566508-3FB2-457E-BEFA-3370EC58A6ED}"
EndProject
Project("{FAE04EC0-301F-11D3-BF4B-00C04F79EFBC}") = "Tests.GL", "tests\Tests.GL\Tests.GL.csproj", "{D1628E52-96F4-4F03-BF90-9A87868160E7}"
EndProject
Global
	GlobalSection(SolutionConfigurationPlatforms) = preSolution
		Debug|Any CPU = Debug|Any CPU
		Release|Any CPU = Release|Any CPU
	EndGlobalSection
	GlobalSection(ProjectConfigurationPlatforms) = postSolution
		{C6566508-3FB2-457E-BEFA-3370EC58A6ED}.Debug|Any CPU.ActiveCfg = Debug|Any CPU
		{C6566508-3FB2-457E-BEFA-3370EC58A6ED}.Debug|Any CPU.Build.0 = Debug|Any CPU
		{C6566508-3FB2-457E-BEFA-3370EC58A6ED}.Release|Any CPU.ActiveCfg = Release|Any CPU
		{C6566508-3FB2-457E-BEFA-3370EC58A6ED}.Release|Any CPU.Build.0 = Release|Any CPU
		{D1628E52-96F4-4F03-BF90-9A87868160E7}.Debug|Any CPU.ActiveCfg = Debug|Any CPU
		{D1628E52-96F4-4F03-BF90-9A87868160E7}.Debug|Any CPU.Build.0 = Debug|Any CPU
		{D1628E52-96F4-4F03-BF90-9A87868160E7}.Release|Any CPU.ActiveCfg = Release|Any CPU
		{D1628E52-96F4-4F03-BF90-9A87868160E7}.Release|Any CPU.Build.0 = Release|Any CPU
	EndGlobalSection
EndGlobal
